
Microsoft Visual Studio Solution File, Format Version 12.00
Project("{FAE04EC0-301F-11D3-BF4B-00C04F79EFBC}") = "LunacyEngine", "LunacyEngine\LunacyEngine.csproj", "{333A23FB-1051-4FDF-8310-C9E2D64A087B}"
EndProject
Project("{FAE04EC0-301F-11D3-BF4B-00C04F79EFBC}") = "SampleGame", "SampleGame\SampleGame.csproj", "{248EEC8F-BD6C-4EA2-A3F2-7DBACEAE9ACB}"
EndProject
Global
	GlobalSection(SolutionConfigurationPlatforms) = preSolution
		Debug|Any CPU = Debug|Any CPU
		Release|Any CPU = Release|Any CPU
	EndGlobalSection
	GlobalSection(ProjectConfigurationPlatforms) = postSolution
		{333A23FB-1051-4FDF-8310-C9E2D64A087B}.Debug|Any CPU.ActiveCfg = Debug|Any CPU
		{333A23FB-1051-4FDF-8310-C9E2D64A087B}.Debug|Any CPU.Build.0 = Debug|Any CPU
		{333A23FB-1051-4FDF-8310-C9E2D64A087B}.Release|Any CPU.ActiveCfg = Release|Any CPU
		{333A23FB-1051-4FDF-8310-C9E2D64A087B}.Release|Any CPU.Build.0 = Release|Any CPU
		{248EEC8F-BD6C-4EA2-A3F2-7DBACEAE9ACB}.Debug|Any CPU.ActiveCfg = Debug|Any CPU
		{248EEC8F-BD6C-4EA2-A3F2-7DBACEAE9ACB}.Debug|Any CPU.Build.0 = Debug|Any CPU
		{248EEC8F-BD6C-4EA2-A3F2-7DBACEAE9ACB}.Release|Any CPU.ActiveCfg = Release|Any CPU
		{248EEC8F-BD6C-4EA2-A3F2-7DBACEAE9ACB}.Release|Any CPU.Build.0 = Release|Any CPU
	EndGlobalSection
EndGlobal
